
Microsoft Visual Studio Solution File, Format Version 12.00
# Visual Studio Version 17
VisualStudioVersion = 17.4.32804.182
MinimumVisualStudioVersion = 10.0.40219.1
Project("{FAE04EC0-301F-11D3-BF4B-00C04F79EFBC}") = "EntityFrameWorkDemo", "EntityFrameWorkDemo.csproj", "{0A8DDB30-B981-4778-A231-32D0C57D684B}"
EndProject
Global
	GlobalSection(SolutionConfigurationPlatforms) = preSolution
		Debug|Any CPU = Debug|Any CPU
		Release|Any CPU = Release|Any CPU
	EndGlobalSection
	GlobalSection(ProjectConfigurationPlatforms) = postSolution
		{0A8DDB30-B981-4778-A231-32D0C57D684B}.Debug|Any CPU.ActiveCfg = Debug|Any CPU
		{0A8DDB30-B981-4778-A231-32D0C57D684B}.Debug|Any CPU.Build.0 = Debug|Any CPU
		{0A8DDB30-B981-4778-A231-32D0C57D684B}.Release|Any CPU.ActiveCfg = Release|Any CPU
		{0A8DDB30-B981-4778-A231-32D0C57D684B}.Release|Any CPU.Build.0 = Release|Any CPU
	EndGlobalSection
	GlobalSection(SolutionProperties) = preSolution
		HideSolutionNode = FALSE
	EndGlobalSection
	GlobalSection(ExtensibilityGlobals) = postSolution
		SolutionGuid = {BE6ACF0C-AD1B-41CC-82C3-AC3DA29E4075}
	EndGlobalSection
EndGlobal
