
Microsoft Visual Studio Solution File, Format Version 12.00
# Visual Studio Version 17
VisualStudioVersion = 17.4.32804.182
MinimumVisualStudioVersion = 10.0.40219.1
Project("{9A19103F-16F7-4668-BE54-9A1E7A4F7556}") = "QRoaster.API", "QRoaster.API\QRoaster.API.csproj", "{C4CABAF4-F5EE-4D4F-99A0-3A449310DECF}"
EndProject
Project("{9A19103F-16F7-4668-BE54-9A1E7A4F7556}") = "QRoaster.Core", "QRoaster.Core\QRoaster.Core.csproj", "{52F5A711-D389-4765-9D02-82067077D083}"
EndProject
Project("{9A19103F-16F7-4668-BE54-9A1E7A4F7556}") = "QRoaster.Infrastructure", "QRoaster.Infrastructure\QRoaster.Infrastructure.csproj", "{01F3C291-9C6D-471F-A07F-9EC4A2899B14}"
EndProject
Project("{2150E333-8FDC-42A3-9474-1A3956D46DE8}") = "Solution Items", "Solution Items", "{30D60D3A-D6FE-490B-8AE3-4099941011C8}"
	ProjectSection(SolutionItems) = preProject
		Readme.md = Readme.md
	EndProjectSection
EndProject
Project("{2150E333-8FDC-42A3-9474-1A3956D46DE8}") = "src", "src", "{CB015CB9-AD8B-4FE3-970A-9EC6AB048266}"
EndProject
Project("{2150E333-8FDC-42A3-9474-1A3956D46DE8}") = "tests", "tests", "{3486AA20-E942-4373-91E0-C23426B8AF34}"
EndProject
Project("{9A19103F-16F7-4668-BE54-9A1E7A4F7556}") = "QRoaster.Infrastructure.UnitTest", "QRoaster.Infrastructure.UnitTest\QRoaster.Infrastructure.UnitTest.csproj", "{995526B3-2962-499F-8ADA-BE80F66E816C}"
EndProject
Project("{FAE04EC0-301F-11D3-BF4B-00C04F79EFBC}") = "QRoaster.API.FunctionalTests", "QRoaster.API.FunctionalTest\QRoaster.API.FunctionalTests.csproj", "{6FD4EACD-66A7-4251-903D-0B8C7BB27F49}"
EndProject
Global
	GlobalSection(SolutionConfigurationPlatforms) = preSolution
		Debug|Any CPU = Debug|Any CPU
		Release|Any CPU = Release|Any CPU
	EndGlobalSection
	GlobalSection(ProjectConfigurationPlatforms) = postSolution
		{C4CABAF4-F5EE-4D4F-99A0-3A449310DECF}.Debug|Any CPU.ActiveCfg = Debug|Any CPU
		{C4CABAF4-F5EE-4D4F-99A0-3A449310DECF}.Debug|Any CPU.Build.0 = Debug|Any CPU
		{C4CABAF4-F5EE-4D4F-99A0-3A449310DECF}.Release|Any CPU.ActiveCfg = Release|Any CPU
		{C4CABAF4-F5EE-4D4F-99A0-3A449310DECF}.Release|Any CPU.Build.0 = Release|Any CPU
		{52F5A711-D389-4765-9D02-82067077D083}.Debug|Any CPU.ActiveCfg = Debug|Any CPU
		{52F5A711-D389-4765-9D02-82067077D083}.Debug|Any CPU.Build.0 = Debug|Any CPU
		{52F5A711-D389-4765-9D02-82067077D083}.Release|Any CPU.ActiveCfg = Release|Any CPU
		{52F5A711-D389-4765-9D02-82067077D083}.Release|Any CPU.Build.0 = Release|Any CPU
		{01F3C291-9C6D-471F-A07F-9EC4A2899B14}.Debug|Any CPU.ActiveCfg = Debug|Any CPU
		{01F3C291-9C6D-471F-A07F-9EC4A2899B14}.Debug|Any CPU.Build.0 = Debug|Any CPU
		{01F3C291-9C6D-471F-A07F-9EC4A2899B14}.Release|Any CPU.ActiveCfg = Release|Any CPU
		{01F3C291-9C6D-471F-A07F-9EC4A2899B14}.Release|Any CPU.Build.0 = Release|Any CPU
		{995526B3-2962-499F-8ADA-BE80F66E816C}.Debug|Any CPU.ActiveCfg = Debug|Any CPU
		{995526B3-2962-499F-8ADA-BE80F66E816C}.Debug|Any CPU.Build.0 = Debug|Any CPU
		{995526B3-2962-499F-8ADA-BE80F66E816C}.Release|Any CPU.ActiveCfg = Release|Any CPU
		{995526B3-2962-499F-8ADA-BE80F66E816C}.Release|Any CPU.Build.0 = Release|Any CPU
		{6FD4EACD-66A7-4251-903D-0B8C7BB27F49}.Debug|Any CPU.ActiveCfg = Debug|Any CPU
		{6FD4EACD-66A7-4251-903D-0B8C7BB27F49}.Debug|Any CPU.Build.0 = Debug|Any CPU
		{6FD4EACD-66A7-4251-903D-0B8C7BB27F49}.Release|Any CPU.ActiveCfg = Release|Any CPU
		{6FD4EACD-66A7-4251-903D-0B8C7BB27F49}.Release|Any CPU.Build.0 = Release|Any CPU
	EndGlobalSection
	GlobalSection(SolutionProperties) = preSolution
		HideSolutionNode = FALSE
	EndGlobalSection
	GlobalSection(NestedProjects) = preSolution
		{C4CABAF4-F5EE-4D4F-99A0-3A449310DECF} = {CB015CB9-AD8B-4FE3-970A-9EC6AB048266}
		{52F5A711-D389-4765-9D02-82067077D083} = {CB015CB9-AD8B-4FE3-970A-9EC6AB048266}
		{01F3C291-9C6D-471F-A07F-9EC4A2899B14} = {CB015CB9-AD8B-4FE3-970A-9EC6AB048266}
		{995526B3-2962-499F-8ADA-BE80F66E816C} = {3486AA20-E942-4373-91E0-C23426B8AF34}
		{6FD4EACD-66A7-4251-903D-0B8C7BB27F49} = {3486AA20-E942-4373-91E0-C23426B8AF34}
	EndGlobalSection
	GlobalSection(ExtensibilityGlobals) = postSolution
		SolutionGuid = {A71A831D-F19C-4B2F-81F4-7082D6626B25}
	EndGlobalSection
EndGlobal
